
Microsoft Visual Studio Solution File, Format Version 12.00
# Visual Studio Version 16
VisualStudioVersion = 16.0.30114.105
MinimumVisualStudioVersion = 10.0.40219.1
Project("{2150E333-8FDC-42A3-9474-1A3956D46DE8}") = "src", "src", "{B100A1E2-BBD0-47FC-ABED-36A666958B98}"
EndProject
Project("{FAE04EC0-301F-11D3-BF4B-00C04F79EFBC}") = "NpcSchedules", "src\NpcSchedules\NpcSchedules.csproj", "{9060B69F-9C05-494D-B45E-7F54A9104F0D}"
EndProject
Project("{2150E333-8FDC-42A3-9474-1A3956D46DE8}") = "tools", "tools", "{7D813AE2-9166-4CAA-942A-A0A8DBC19467}"
EndProject
Project("{FAE04EC0-301F-11D3-BF4B-00C04F79EFBC}") = "ScheduleExtractor", "tools\ScheduleExtractor\ScheduleExtractor.csproj", "{95A6AF64-0BB1-47A8-A30F-C1AFF3B2DD1F}"
EndProject
Project("{2150E333-8FDC-42A3-9474-1A3956D46DE8}") = "tests", "tests", "{CC8969B7-84A7-4057-975D-59B5D62739AD}"
EndProject
Project("{FAE04EC0-301F-11D3-BF4B-00C04F79EFBC}") = "NpcSchedules.Tests", "tests\NpcSchedules.Tests\NpcSchedules.Tests.csproj", "{15EABB76-DF75-4602-863B-2BE02F7FE110}"
EndProject
Project("{FAE04EC0-301F-11D3-BF4B-00C04F79EFBC}") = "NpcMemory", "src\NpcMemory\NpcMemory.csproj", "{A9C331D3-0B23-49C1-8DE7-AA151D8299AD}"
EndProject
Project("{FAE04EC0-301F-11D3-BF4B-00C04F79EFBC}") = "NpcMemory.Tests", "tests\NpcMemory.Tests\NpcMemory.Tests.csproj", "{AAE0992B-E721-44AC-BDA1-A0C533435613}"
EndProject
Project("{FAE04EC0-301F-11D3-BF4B-00C04F79EFBC}") = "NpcShadow", "src\NpcShadow\NpcShadow.csproj", "{029E9013-148D-4288-AD01-7D3952AFEF35}"
EndProject
Project("{FAE04EC0-301F-11D3-BF4B-00C04F79EFBC}") = "NpcShadow.Tests", "tests\NpcShadow.Tests\NpcShadow.Tests.csproj", "{75737221-23CE-41BF-B207-C24DB712372C}"
EndProject
Project("{2150E333-8FDC-42A3-9474-1A3956D46DE8}") = "mod", "mod", "{FE233EE5-96FD-45DE-87AE-E552AA7D1F6F}"
EndProject
Project("{FAE04EC0-301F-11D3-BF4B-00C04F79EFBC}") = "StardewNpcMod", "mod\StardewNpcMod\StardewNpcMod.csproj", "{21C78AB7-47CE-4926-BBD0-8B58D430B057}"
EndProject
Project("{FAE04EC0-301F-11D3-BF4B-00C04F79EFBC}") = "NpcDecision", "src\NpcDecision\NpcDecision.csproj", "{3F754AE0-E559-4E13-B801-A796B05A9AD0}"
EndProject
Project("{FAE04EC0-301F-11D3-BF4B-00C04F79EFBC}") = "NpcDecision.Tests", "tests\NpcDecision.Tests\NpcDecision.Tests.csproj", "{4D29BC81-4958-4058-AFA2-980F3AE94618}"
EndProject
Project("{FAE04EC0-301F-11D3-BF4B-00C04F79EFBC}") = "NpcIntents", "src\NpcIntents\NpcIntents.csproj", "{70B42278-89B4-484C-B6EB-6F9AA736088A}"
EndProject
Project("{FAE04EC0-301F-11D3-BF4B-00C04F79EFBC}") = "NpcIntents.Tests", "tests\NpcIntents.Tests\NpcIntents.Tests.csproj", "{74105719-3CEF-495E-B34B-716E7956CD65}"
EndProject
Project("{FAE04EC0-301F-11D3-BF4B-00C04F79EFBC}") = "NpcInitiation", "src\NpcInitiation\NpcInitiation.csproj", "{94D36B2E-9F9B-4E85-A950-74315C129E72}"
EndProject
Project("{FAE04EC0-301F-11D3-BF4B-00C04F79EFBC}") = "NpcInitiation.Tests", "tests\NpcInitiation.Tests\NpcInitiation.Tests.csproj", "{237F2E72-2F05-4B06-8B59-B9C4F0FB2AFA}"
EndProject
Project("{FAE04EC0-301F-11D3-BF4B-00C04F79EFBC}") = "NpcDiaryEvents", "src\NpcDiaryEvents\NpcDiaryEvents.csproj", "{9021B8FA-882D-4DED-BE9D-AFC00BB08519}"
EndProject
Project("{FAE04EC0-301F-11D3-BF4B-00C04F79EFBC}") = "NpcDiaryEvents.Tests", "tests\NpcDiaryEvents.Tests\NpcDiaryEvents.Tests.csproj", "{674D85E5-1C00-4512-9320-27C74749339B}"
EndProject
Project("{FAE04EC0-301F-11D3-BF4B-00C04F79EFBC}") = "NpcMinds", "src\NpcMinds\NpcMinds.csproj", "{EC1A7D94-1AB5-4901-AFB9-2CB76C16F53E}"
EndProject
Project("{FAE04EC0-301F-11D3-BF4B-00C04F79EFBC}") = "NpcMinds.Tests", "tests\NpcMinds.Tests\NpcMinds.Tests.csproj", "{9B5AE3EF-176E-42AD-9CC5-5820F03234AC}"
Project("{FAE04EC0-301F-11D3-BF4B-00C04F79EFBC}") = "NpcTemperament", "src\NpcTemperament\NpcTemperament.csproj", "{574FB2D1-65D3-406D-B287-0D22A4D5BD18}"
EndProject
Project("{FAE04EC0-301F-11D3-BF4B-00C04F79EFBC}") = "NpcTemperament.Tests", "tests\NpcTemperament.Tests\NpcTemperament.Tests.csproj", "{E12DBA2A-6549-4619-9067-99A584AD6D54}"
EndProject
Project("{FAE04EC0-301F-11D3-BF4B-00C04F79EFBC}") = "TemperamentExtractor", "tools\TemperamentExtractor\TemperamentExtractor.csproj", "{B32BA1C0-DFDF-4701-A153-7B485335E0EC}"
EndProject
Global
	GlobalSection(SolutionConfigurationPlatforms) = preSolution
		Debug|Any CPU = Debug|Any CPU
		Release|Any CPU = Release|Any CPU
	EndGlobalSection
	GlobalSection(SolutionProperties) = preSolution
		HideSolutionNode = FALSE
	EndGlobalSection
	GlobalSection(ProjectConfigurationPlatforms) = postSolution
		{9060B69F-9C05-494D-B45E-7F54A9104F0D}.Debug|Any CPU.ActiveCfg = Debug|Any CPU
		{9060B69F-9C05-494D-B45E-7F54A9104F0D}.Debug|Any CPU.Build.0 = Debug|Any CPU
		{9060B69F-9C05-494D-B45E-7F54A9104F0D}.Release|Any CPU.ActiveCfg = Release|Any CPU
		{9060B69F-9C05-494D-B45E-7F54A9104F0D}.Release|Any CPU.Build.0 = Release|Any CPU
		{95A6AF64-0BB1-47A8-A30F-C1AFF3B2DD1F}.Debug|Any CPU.ActiveCfg = Debug|Any CPU
		{95A6AF64-0BB1-47A8-A30F-C1AFF3B2DD1F}.Debug|Any CPU.Build.0 = Debug|Any CPU
		{95A6AF64-0BB1-47A8-A30F-C1AFF3B2DD1F}.Release|Any CPU.ActiveCfg = Release|Any CPU
		{95A6AF64-0BB1-47A8-A30F-C1AFF3B2DD1F}.Release|Any CPU.Build.0 = Release|Any CPU
		{15EABB76-DF75-4602-863B-2BE02F7FE110}.Debug|Any CPU.ActiveCfg = Debug|Any CPU
		{15EABB76-DF75-4602-863B-2BE02F7FE110}.Debug|Any CPU.Build.0 = Debug|Any CPU
		{15EABB76-DF75-4602-863B-2BE02F7FE110}.Release|Any CPU.ActiveCfg = Release|Any CPU
		{15EABB76-DF75-4602-863B-2BE02F7FE110}.Release|Any CPU.Build.0 = Release|Any CPU
		{A9C331D3-0B23-49C1-8DE7-AA151D8299AD}.Debug|Any CPU.ActiveCfg = Debug|Any CPU
		{A9C331D3-0B23-49C1-8DE7-AA151D8299AD}.Debug|Any CPU.Build.0 = Debug|Any CPU
		{A9C331D3-0B23-49C1-8DE7-AA151D8299AD}.Release|Any CPU.ActiveCfg = Release|Any CPU
		{A9C331D3-0B23-49C1-8DE7-AA151D8299AD}.Release|Any CPU.Build.0 = Release|Any CPU
		{AAE0992B-E721-44AC-BDA1-A0C533435613}.Debug|Any CPU.ActiveCfg = Debug|Any CPU
		{AAE0992B-E721-44AC-BDA1-A0C533435613}.Debug|Any CPU.Build.0 = Debug|Any CPU
		{AAE0992B-E721-44AC-BDA1-A0C533435613}.Release|Any CPU.ActiveCfg = Release|Any CPU
		{AAE0992B-E721-44AC-BDA1-A0C533435613}.Release|Any CPU.Build.0 = Release|Any CPU
		{029E9013-148D-4288-AD01-7D3952AFEF35}.Debug|Any CPU.ActiveCfg = Debug|Any CPU
		{029E9013-148D-4288-AD01-7D3952AFEF35}.Debug|Any CPU.Build.0 = Debug|Any CPU
		{029E9013-148D-4288-AD01-7D3952AFEF35}.Release|Any CPU.ActiveCfg = Release|Any CPU
		{029E9013-148D-4288-AD01-7D3952AFEF35}.Release|Any CPU.Build.0 = Release|Any CPU
		{75737221-23CE-41BF-B207-C24DB712372C}.Debug|Any CPU.ActiveCfg = Debug|Any CPU
		{75737221-23CE-41BF-B207-C24DB712372C}.Debug|Any CPU.Build.0 = Debug|Any CPU
		{75737221-23CE-41BF-B207-C24DB712372C}.Release|Any CPU.ActiveCfg = Release|Any CPU
		{75737221-23CE-41BF-B207-C24DB712372C}.Release|Any CPU.Build.0 = Release|Any CPU
		{21C78AB7-47CE-4926-BBD0-8B58D430B057}.Debug|Any CPU.ActiveCfg = Debug|Any CPU
		{21C78AB7-47CE-4926-BBD0-8B58D430B057}.Debug|Any CPU.Build.0 = Debug|Any CPU
		{21C78AB7-47CE-4926-BBD0-8B58D430B057}.Release|Any CPU.ActiveCfg = Release|Any CPU
		{21C78AB7-47CE-4926-BBD0-8B58D430B057}.Release|Any CPU.Build.0 = Release|Any CPU
		{3F754AE0-E559-4E13-B801-A796B05A9AD0}.Debug|Any CPU.ActiveCfg = Debug|Any CPU
		{3F754AE0-E559-4E13-B801-A796B05A9AD0}.Debug|Any CPU.Build.0 = Debug|Any CPU
		{3F754AE0-E559-4E13-B801-A796B05A9AD0}.Release|Any CPU.ActiveCfg = Release|Any CPU
		{3F754AE0-E559-4E13-B801-A796B05A9AD0}.Release|Any CPU.Build.0 = Release|Any CPU
		{4D29BC81-4958-4058-AFA2-980F3AE94618}.Debug|Any CPU.ActiveCfg = Debug|Any CPU
		{4D29BC81-4958-4058-AFA2-980F3AE94618}.Debug|Any CPU.Build.0 = Debug|Any CPU
		{4D29BC81-4958-4058-AFA2-980F3AE94618}.Release|Any CPU.ActiveCfg = Release|Any CPU
		{4D29BC81-4958-4058-AFA2-980F3AE94618}.Release|Any CPU.Build.0 = Release|Any CPU
		{70B42278-89B4-484C-B6EB-6F9AA736088A}.Debug|Any CPU.ActiveCfg = Debug|Any CPU
		{70B42278-89B4-484C-B6EB-6F9AA736088A}.Debug|Any CPU.Build.0 = Debug|Any CPU
		{70B42278-89B4-484C-B6EB-6F9AA736088A}.Release|Any CPU.ActiveCfg = Release|Any CPU
		{70B42278-89B4-484C-B6EB-6F9AA736088A}.Release|Any CPU.Build.0 = Release|Any CPU
		{74105719-3CEF-495E-B34B-716E7956CD65}.Debug|Any CPU.ActiveCfg = Debug|Any CPU
		{74105719-3CEF-495E-B34B-716E7956CD65}.Debug|Any CPU.Build.0 = Debug|Any CPU
		{74105719-3CEF-495E-B34B-716E7956CD65}.Release|Any CPU.ActiveCfg = Release|Any CPU
		{74105719-3CEF-495E-B34B-716E7956CD65}.Release|Any CPU.Build.0 = Release|Any CPU
		{94D36B2E-9F9B-4E85-A950-74315C129E72}.Debug|Any CPU.ActiveCfg = Debug|Any CPU
		{94D36B2E-9F9B-4E85-A950-74315C129E72}.Debug|Any CPU.Build.0 = Debug|Any CPU
		{94D36B2E-9F9B-4E85-A950-74315C129E72}.Release|Any CPU.ActiveCfg = Release|Any CPU
		{94D36B2E-9F9B-4E85-A950-74315C129E72}.Release|Any CPU.Build.0 = Release|Any CPU
		{237F2E72-2F05-4B06-8B59-B9C4F0FB2AFA}.Debug|Any CPU.ActiveCfg = Debug|Any CPU
		{237F2E72-2F05-4B06-8B59-B9C4F0FB2AFA}.Debug|Any CPU.Build.0 = Debug|Any CPU
		{237F2E72-2F05-4B06-8B59-B9C4F0FB2AFA}.Release|Any CPU.ActiveCfg = Release|Any CPU
		{237F2E72-2F05-4B06-8B59-B9C4F0FB2AFA}.Release|Any CPU.Build.0 = Release|Any CPU
		{9021B8FA-882D-4DED-BE9D-AFC00BB08519}.Debug|Any CPU.ActiveCfg = Debug|Any CPU
		{9021B8FA-882D-4DED-BE9D-AFC00BB08519}.Debug|Any CPU.Build.0 = Debug|Any CPU
		{9021B8FA-882D-4DED-BE9D-AFC00BB08519}.Release|Any CPU.ActiveCfg = Release|Any CPU
		{9021B8FA-882D-4DED-BE9D-AFC00BB08519}.Release|Any CPU.Build.0 = Release|Any CPU
		{674D85E5-1C00-4512-9320-27C74749339B}.Debug|Any CPU.ActiveCfg = Debug|Any CPU
		{674D85E5-1C00-4512-9320-27C74749339B}.Debug|Any CPU.Build.0 = Debug|Any CPU
		{674D85E5-1C00-4512-9320-27C74749339B}.Release|Any CPU.ActiveCfg = Release|Any CPU
		{674D85E5-1C00-4512-9320-27C74749339B}.Release|Any CPU.Build.0 = Release|Any CPU
		{EC1A7D94-1AB5-4901-AFB9-2CB76C16F53E}.Debug|Any CPU.ActiveCfg = Debug|Any CPU
		{EC1A7D94-1AB5-4901-AFB9-2CB76C16F53E}.Debug|Any CPU.Build.0 = Debug|Any CPU
		{EC1A7D94-1AB5-4901-AFB9-2CB76C16F53E}.Release|Any CPU.ActiveCfg = Release|Any CPU
		{EC1A7D94-1AB5-4901-AFB9-2CB76C16F53E}.Release|Any CPU.Build.0 = Release|Any CPU
		{9B5AE3EF-176E-42AD-9CC5-5820F03234AC}.Debug|Any CPU.ActiveCfg = Debug|Any CPU
		{9B5AE3EF-176E-42AD-9CC5-5820F03234AC}.Debug|Any CPU.Build.0 = Debug|Any CPU
		{9B5AE3EF-176E-42AD-9CC5-5820F03234AC}.Release|Any CPU.ActiveCfg = Release|Any CPU
		{9B5AE3EF-176E-42AD-9CC5-5820F03234AC}.Release|Any CPU.Build.0 = Release|Any CPU
		{574FB2D1-65D3-406D-B287-0D22A4D5BD18}.Debug|Any CPU.ActiveCfg = Debug|Any CPU
		{574FB2D1-65D3-406D-B287-0D22A4D5BD18}.Debug|Any CPU.Build.0 = Debug|Any CPU
		{574FB2D1-65D3-406D-B287-0D22A4D5BD18}.Release|Any CPU.ActiveCfg = Release|Any CPU
		{574FB2D1-65D3-406D-B287-0D22A4D5BD18}.Release|Any CPU.Build.0 = Release|Any CPU
		{E12DBA2A-6549-4619-9067-99A584AD6D54}.Debug|Any CPU.ActiveCfg = Debug|Any CPU
		{E12DBA2A-6549-4619-9067-99A584AD6D54}.Debug|Any CPU.Build.0 = Debug|Any CPU
		{E12DBA2A-6549-4619-9067-99A584AD6D54}.Release|Any CPU.ActiveCfg = Release|Any CPU
		{E12DBA2A-6549-4619-9067-99A584AD6D54}.Release|Any CPU.Build.0 = Release|Any CPU
		{B32BA1C0-DFDF-4701-A153-7B485335E0EC}.Debug|Any CPU.ActiveCfg = Debug|Any CPU
		{B32BA1C0-DFDF-4701-A153-7B485335E0EC}.Debug|Any CPU.Build.0 = Debug|Any CPU
		{B32BA1C0-DFDF-4701-A153-7B485335E0EC}.Release|Any CPU.ActiveCfg = Release|Any CPU
		{B32BA1C0-DFDF-4701-A153-7B485335E0EC}.Release|Any CPU.Build.0 = Release|Any CPU
	EndGlobalSection
	GlobalSection(NestedProjects) = preSolution
		{9060B69F-9C05-494D-B45E-7F54A9104F0D} = {B100A1E2-BBD0-47FC-ABED-36A666958B98}
		{95A6AF64-0BB1-47A8-A30F-C1AFF3B2DD1F} = {7D813AE2-9166-4CAA-942A-A0A8DBC19467}
		{15EABB76-DF75-4602-863B-2BE02F7FE110} = {CC8969B7-84A7-4057-975D-59B5D62739AD}
		{A9C331D3-0B23-49C1-8DE7-AA151D8299AD} = {B100A1E2-BBD0-47FC-ABED-36A666958B98}
		{AAE0992B-E721-44AC-BDA1-A0C533435613} = {CC8969B7-84A7-4057-975D-59B5D62739AD}
		{029E9013-148D-4288-AD01-7D3952AFEF35} = {B100A1E2-BBD0-47FC-ABED-36A666958B98}
		{75737221-23CE-41BF-B207-C24DB712372C} = {CC8969B7-84A7-4057-975D-59B5D62739AD}
		{21C78AB7-47CE-4926-BBD0-8B58D430B057} = {FE233EE5-96FD-45DE-87AE-E552AA7D1F6F}
		{3F754AE0-E559-4E13-B801-A796B05A9AD0} = {B100A1E2-BBD0-47FC-ABED-36A666958B98}
		{4D29BC81-4958-4058-AFA2-980F3AE94618} = {CC8969B7-84A7-4057-975D-59B5D62739AD}
		{70B42278-89B4-484C-B6EB-6F9AA736088A} = {B100A1E2-BBD0-47FC-ABED-36A666958B98}
		{74105719-3CEF-495E-B34B-716E7956CD65} = {CC8969B7-84A7-4057-975D-59B5D62739AD}
		{94D36B2E-9F9B-4E85-A950-74315C129E72} = {B100A1E2-BBD0-47FC-ABED-36A666958B98}
		{237F2E72-2F05-4B06-8B59-B9C4F0FB2AFA} = {CC8969B7-84A7-4057-975D-59B5D62739AD}
		{9021B8FA-882D-4DED-BE9D-AFC00BB08519} = {B100A1E2-BBD0-47FC-ABED-36A666958B98}
		{674D85E5-1C00-4512-9320-27C74749339B} = {CC8969B7-84A7-4057-975D-59B5D62739AD}
		{EC1A7D94-1AB5-4901-AFB9-2CB76C16F53E} = {B100A1E2-BBD0-47FC-ABED-36A666958B98}
		{9B5AE3EF-176E-42AD-9CC5-5820F03234AC} = {CC8969B7-84A7-4057-975D-59B5D62739AD}
		{574FB2D1-65D3-406D-B287-0D22A4D5BD18} = {B100A1E2-BBD0-47FC-ABED-36A666958B98}
		{E12DBA2A-6549-4619-9067-99A584AD6D54} = {CC8969B7-84A7-4057-975D-59B5D62739AD}
		{B32BA1C0-DFDF-4701-A153-7B485335E0EC} = {7D813AE2-9166-4CAA-942A-A0A8DBC19467}
	EndGlobalSection
EndGlobal
